// !$*UTF8*$!
{
	archiveVersion = 1;
	classes = {
	};
	objectVersion = 46;
	objects = {

/* Begin PBXBuildFile section */
		02913F891C3673E4001A5096 /* s1c1-hex-to-base64.c in Sources */ = {isa = PBXBuildFile; fileRef = 02913F881C3673E4001A5096 /* s1c1-hex-to-base64.c */; };
		02913F921C37C9C7001A5096 /* calc.c in Sources */ = {isa = PBXBuildFile; fileRef = 02913F901C37C9C7001A5096 /* calc.c */; };
		02913F951C37CA9C001A5096 /* bytearray.c in Sources */ = {isa = PBXBuildFile; fileRef = 02913F931C37CA9C001A5096 /* bytearray.c */; };
		02913F981C37CC10001A5096 /* char.c in Sources */ = {isa = PBXBuildFile; fileRef = 02913F961C37CC10001A5096 /* char.c */; };
		02913F9B1C37CD83001A5096 /* hex.c in Sources */ = {isa = PBXBuildFile; fileRef = 02913F991C37CD83001A5096 /* hex.c */; };
		02913F9E1C37CEAD001A5096 /* base64.c in Sources */ = {isa = PBXBuildFile; fileRef = 02913F9C1C37CEAD001A5096 /* base64.c */; };
		02913FA21C3A73BD001A5096 /* char.c in Sources */ = {isa = PBXBuildFile; fileRef = 02913F961C37CC10001A5096 /* char.c */; };
		02913FA31C3A73BD001A5096 /* calc.c in Sources */ = {isa = PBXBuildFile; fileRef = 02913F901C37C9C7001A5096 /* calc.c */; };
		02913FA41C3A73BD001A5096 /* bytearray.c in Sources */ = {isa = PBXBuildFile; fileRef = 02913F931C37CA9C001A5096 /* bytearray.c */; };
		02913FA61C3A73BD001A5096 /* hex.c in Sources */ = {isa = PBXBuildFile; fileRef = 02913F991C37CD83001A5096 /* hex.c */; };
		02913FAD1C3A747A001A5096 /* s1c2-xor-fixed.c in Sources */ = {isa = PBXBuildFile; fileRef = 02913FAC1C3A747A001A5096 /* s1c2-xor-fixed.c */; };
		02913FB01C3A7769001A5096 /* bit_ops.c in Sources */ = {isa = PBXBuildFile; fileRef = 02913FAE1C3A7769001A5096 /* bit_ops.c */; };
		02913FB31C3A7ECC001A5096 /* char.c in Sources */ = {isa = PBXBuildFile; fileRef = 02913F961C37CC10001A5096 /* char.c */; };
		02913FB41C3A7ECC001A5096 /* calc.c in Sources */ = {isa = PBXBuildFile; fileRef = 02913F901C37C9C7001A5096 /* calc.c */; };
		02913FB51C3A7ECC001A5096 /* bit_ops.c in Sources */ = {isa = PBXBuildFile; fileRef = 02913FAE1C3A7769001A5096 /* bit_ops.c */; };
		02913FB71C3A7ECC001A5096 /* bytearray.c in Sources */ = {isa = PBXBuildFile; fileRef = 02913F931C37CA9C001A5096 /* bytearray.c */; };
		02913FB81C3A7ECC001A5096 /* hex.c in Sources */ = {isa = PBXBuildFile; fileRef = 02913F991C37CD83001A5096 /* hex.c */; };
		02913FBF1C3A7F21001A5096 /* s1c3-xor-cipher.c in Sources */ = {isa = PBXBuildFile; fileRef = 02913FBE1C3A7F21001A5096 /* s1c3-xor-cipher.c */; };
		02913FC21C3A885D001A5096 /* score.c in Sources */ = {isa = PBXBuildFile; fileRef = 02913FC01C3A885D001A5096 /* score.c */; };
		02913FC31C3A8DC3001A5096 /* score.c in Sources */ = {isa = PBXBuildFile; fileRef = 02913FC01C3A885D001A5096 /* score.c */; };
		02913FC41C3A8DC4001A5096 /* score.c in Sources */ = {isa = PBXBuildFile; fileRef = 02913FC01C3A885D001A5096 /* score.c */; };
		02913FC71C3B29F2001A5096 /* score.c in Sources */ = {isa = PBXBuildFile; fileRef = 02913FC01C3A885D001A5096 /* score.c */; };
		02913FC81C3B29F2001A5096 /* char.c in Sources */ = {isa = PBXBuildFile; fileRef = 02913F961C37CC10001A5096 /* char.c */; };
		02913FC91C3B29F2001A5096 /* calc.c in Sources */ = {isa = PBXBuildFile; fileRef = 02913F901C37C9C7001A5096 /* calc.c */; };
		02913FCB1C3B29F2001A5096 /* bit_ops.c in Sources */ = {isa = PBXBuildFile; fileRef = 02913FAE1C3A7769001A5096 /* bit_ops.c */; };
		02913FCC1C3B29F2001A5096 /* bytearray.c in Sources */ = {isa = PBXBuildFile; fileRef = 02913F931C37CA9C001A5096 /* bytearray.c */; };
		02913FCD1C3B29F2001A5096 /* hex.c in Sources */ = {isa = PBXBuildFile; fileRef = 02913F991C37CD83001A5096 /* hex.c */; };
		02913FD41C3B2BAB001A5096 /* s1c4-xor-cipher-detect.c in Sources */ = {isa = PBXBuildFile; fileRef = 02913FD31C3B2BAB001A5096 /* s1c4-xor-cipher-detect.c */; };
		02913FD81C3B79AB001A5096 /* 4.txt in CopyFiles */ = {isa = PBXBuildFile; fileRef = 02913FD61C3B2C67001A5096 /* 4.txt */; };
		02913FDB1C3BC31E001A5096 /* score.c in Sources */ = {isa = PBXBuildFile; fileRef = 02913FC01C3A885D001A5096 /* score.c */; };
		02913FDD1C3BC31E001A5096 /* char.c in Sources */ = {isa = PBXBuildFile; fileRef = 02913F961C37CC10001A5096 /* char.c */; };
		02913FDE1C3BC31E001A5096 /* calc.c in Sources */ = {isa = PBXBuildFile; fileRef = 02913F901C37C9C7001A5096 /* calc.c */; };
		02913FDF1C3BC31E001A5096 /* bit_ops.c in Sources */ = {isa = PBXBuildFile; fileRef = 02913FAE1C3A7769001A5096 /* bit_ops.c */; };
		02913FE01C3BC31E001A5096 /* bytearray.c in Sources */ = {isa = PBXBuildFile; fileRef = 02913F931C37CA9C001A5096 /* bytearray.c */; };
		02913FE11C3BC31E001A5096 /* hex.c in Sources */ = {isa = PBXBuildFile; fileRef = 02913F991C37CD83001A5096 /* hex.c */; };
		02913FED1C4B9971001A5096 /* score.c in Sources */ = {isa = PBXBuildFile; fileRef = 02913FC01C3A885D001A5096 /* score.c */; };
		02913FEF1C4B9971001A5096 /* char.c in Sources */ = {isa = PBXBuildFile; fileRef = 02913F961C37CC10001A5096 /* char.c */; };
		02913FF01C4B9971001A5096 /* calc.c in Sources */ = {isa = PBXBuildFile; fileRef = 02913F901C37C9C7001A5096 /* calc.c */; };
		02913FF11C4B9971001A5096 /* bit_ops.c in Sources */ = {isa = PBXBuildFile; fileRef = 02913FAE1C3A7769001A5096 /* bit_ops.c */; };
		02913FF21C4B9971001A5096 /* bytearray.c in Sources */ = {isa = PBXBuildFile; fileRef = 02913F931C37CA9C001A5096 /* bytearray.c */; };
		02913FFC1C4BA1CD001A5096 /* s1c6-xor-repeat-break.c in Sources */ = {isa = PBXBuildFile; fileRef = 02913FFB1C4BA1CD001A5096 /* s1c6-xor-repeat-break.c */; };
		02913FFD1C4BA1D3001A5096 /* s1c5-xor-repeat.c in Sources */ = {isa = PBXBuildFile; fileRef = 02913FE91C3BC34E001A5096 /* s1c5-xor-repeat.c */; };
		02913FFF1C4BA90B001A5096 /* 6.txt in CopyFiles */ = {isa = PBXBuildFile; fileRef = 02913FFE1C4BA8E3001A5096 /* 6.txt */; };
		029140001C4BAE63001A5096 /* base64.c in Sources */ = {isa = PBXBuildFile; fileRef = 02913F9C1C37CEAD001A5096 /* base64.c */; };
		029140011C4BAE73001A5096 /* hex.c in Sources */ = {isa = PBXBuildFile; fileRef = 02913F991C37CD83001A5096 /* hex.c */; };
		029140041C4BC634001A5096 /* safeint.c in Sources */ = {isa = PBXBuildFile; fileRef = 029140021C4BC634001A5096 /* safeint.c */; };
/* End PBXBuildFile section */

/* Begin PBXCopyFilesBuildPhase section */
		02913FD71C3B799C001A5096 /* CopyFiles */ = {
			isa = PBXCopyFilesBuildPhase;
			buildActionMask = 2147483647;
			dstPath = "";
			dstSubfolderSpec = 16;
			files = (
				02913FD81C3B79AB001A5096 /* 4.txt in CopyFiles */,
			);
			runOnlyForDeploymentPostprocessing = 0;
		};
		02913FF51C4B9971001A5096 /* CopyFiles */ = {
			isa = PBXCopyFilesBuildPhase;
			buildActionMask = 2147483647;
			dstPath = "";
			dstSubfolderSpec = 16;
			files = (
				02913FFF1C4BA90B001A5096 /* 6.txt in CopyFiles */,
			);
			runOnlyForDeploymentPostprocessing = 0;
		};
/* End PBXCopyFilesBuildPhase section */

/* Begin PBXFileReference section */
		02913F851C3673E4001A5096 /* s1c1-hex-to-base64 */ = {isa = PBXFileReference; explicitFileType = "compiled.mach-o.executable"; includeInIndex = 0; path = "s1c1-hex-to-base64"; sourceTree = BUILT_PRODUCTS_DIR; };
		02913F881C3673E4001A5096 /* s1c1-hex-to-base64.c */ = {isa = PBXFileReference; lastKnownFileType = sourcecode.c.c; path = "s1c1-hex-to-base64.c"; sourceTree = "<group>"; };
		02913F901C37C9C7001A5096 /* calc.c */ = {isa = PBXFileReference; fileEncoding = 4; lastKnownFileType = sourcecode.c.c; name = calc.c; path = Library/calc.c; sourceTree = "<group>"; };
		02913F911C37C9C7001A5096 /* calc.h */ = {isa = PBXFileReference; fileEncoding = 4; lastKnownFileType = sourcecode.c.h; name = calc.h; path = Library/calc.h; sourceTree = "<group>"; };
		02913F931C37CA9C001A5096 /* bytearray.c */ = {isa = PBXFileReference; fileEncoding = 4; lastKnownFileType = sourcecode.c.c; name = bytearray.c; path = Library/bytearray.c; sourceTree = "<group>"; };
		02913F941C37CA9C001A5096 /* bytearray.h */ = {isa = PBXFileReference; fileEncoding = 4; lastKnownFileType = sourcecode.c.h; name = bytearray.h; path = Library/bytearray.h; sourceTree = "<group>"; };
		02913F961C37CC10001A5096 /* char.c */ = {isa = PBXFileReference; fileEncoding = 4; lastKnownFileType = sourcecode.c.c; name = char.c; path = Library/char.c; sourceTree = "<group>"; };
		02913F971C37CC10001A5096 /* char.h */ = {isa = PBXFileReference; fileEncoding = 4; lastKnownFileType = sourcecode.c.h; name = char.h; path = Library/char.h; sourceTree = "<group>"; };
		02913F991C37CD83001A5096 /* hex.c */ = {isa = PBXFileReference; fileEncoding = 4; lastKnownFileType = sourcecode.c.c; name = hex.c; path = Library/hex.c; sourceTree = "<group>"; };
		02913F9A1C37CD83001A5096 /* hex.h */ = {isa = PBXFileReference; fileEncoding = 4; lastKnownFileType = sourcecode.c.h; name = hex.h; path = Library/hex.h; sourceTree = "<group>"; };
		02913F9C1C37CEAD001A5096 /* base64.c */ = {isa = PBXFileReference; fileEncoding = 4; lastKnownFileType = sourcecode.c.c; name = base64.c; path = Library/base64.c; sourceTree = "<group>"; };
		02913F9D1C37CEAD001A5096 /* base64.h */ = {isa = PBXFileReference; fileEncoding = 4; lastKnownFileType = sourcecode.c.h; name = base64.h; path = Library/base64.h; sourceTree = "<group>"; };
		02913FAB1C3A73BD001A5096 /* s1c2-xor-fixed */ = {isa = PBXFileReference; explicitFileType = "compiled.mach-o.executable"; includeInIndex = 0; path = "s1c2-xor-fixed"; sourceTree = BUILT_PRODUCTS_DIR; };
		02913FAC1C3A747A001A5096 /* s1c2-xor-fixed.c */ = {isa = PBXFileReference; fileEncoding = 4; lastKnownFileType = sourcecode.c.c; path = "s1c2-xor-fixed.c"; sourceTree = "<group>"; };
		02913FAE1C3A7769001A5096 /* bit_ops.c */ = {isa = PBXFileReference; fileEncoding = 4; lastKnownFileType = sourcecode.c.c; name = bit_ops.c; path = Library/bit_ops.c; sourceTree = "<group>"; };
		02913FAF1C3A7769001A5096 /* bit_ops.h */ = {isa = PBXFileReference; fileEncoding = 4; lastKnownFileType = sourcecode.c.h; name = bit_ops.h; path = Library/bit_ops.h; sourceTree = "<group>"; };
		02913FBD1C3A7ECC001A5096 /* s1c3-xor-cipher */ = {isa = PBXFileReference; explicitFileType = "compiled.mach-o.executable"; includeInIndex = 0; path = "s1c3-xor-cipher"; sourceTree = BUILT_PRODUCTS_DIR; };
		02913FBE1C3A7F21001A5096 /* s1c3-xor-cipher.c */ = {isa = PBXFileReference; fileEncoding = 4; lastKnownFileType = sourcecode.c.c; path = "s1c3-xor-cipher.c"; sourceTree = "<group>"; };
		02913FC01C3A885D001A5096 /* score.c */ = {isa = PBXFileReference; fileEncoding = 4; lastKnownFileType = sourcecode.c.c; name = score.c; path = Library/score.c; sourceTree = "<group>"; };
		02913FC11C3A885D001A5096 /* score.h */ = {isa = PBXFileReference; fileEncoding = 4; lastKnownFileType = sourcecode.c.h; name = score.h; path = Library/score.h; sourceTree = "<group>"; };
		02913FD21C3B29F2001A5096 /* s1c4-xor-cipher-detect */ = {isa = PBXFileReference; explicitFileType = "compiled.mach-o.executable"; includeInIndex = 0; path = "s1c4-xor-cipher-detect"; sourceTree = BUILT_PRODUCTS_DIR; };
		02913FD31C3B2BAB001A5096 /* s1c4-xor-cipher-detect.c */ = {isa = PBXFileReference; fileEncoding = 4; lastKnownFileType = sourcecode.c.c; path = "s1c4-xor-cipher-detect.c"; sourceTree = "<group>"; };
		02913FD61C3B2C67001A5096 /* 4.txt */ = {isa = PBXFileReference; fileEncoding = 4; lastKnownFileType = text; path = 4.txt; sourceTree = "<group>"; };
		02913FE81C3BC31E001A5096 /* s1c5-xor-repeat */ = {isa = PBXFileReference; explicitFileType = "compiled.mach-o.executable"; includeInIndex = 0; path = "s1c5-xor-repeat"; sourceTree = BUILT_PRODUCTS_DIR; };
		02913FE91C3BC34E001A5096 /* s1c5-xor-repeat.c */ = {isa = PBXFileReference; fileEncoding = 4; lastKnownFileType = sourcecode.c.c; path = "s1c5-xor-repeat.c"; sourceTree = "<group>"; };
		02913FFA1C4B9971001A5096 /* s1c6-xor-repeat-break */ = {isa = PBXFileReference; explicitFileType = "compiled.mach-o.executable"; includeInIndex = 0; path = "s1c6-xor-repeat-break"; sourceTree = BUILT_PRODUCTS_DIR; };
		02913FFB1C4BA1CD001A5096 /* s1c6-xor-repeat-break.c */ = {isa = PBXFileReference; fileEncoding = 4; lastKnownFileType = sourcecode.c.c; path = "s1c6-xor-repeat-break.c"; sourceTree = "<group>"; };
		02913FFE1C4BA8E3001A5096 /* 6.txt */ = {isa = PBXFileReference; fileEncoding = 4; lastKnownFileType = text; path = 6.txt; sourceTree = "<group>"; };
		029140021C4BC634001A5096 /* safeint.c */ = {isa = PBXFileReference; fileEncoding = 4; lastKnownFileType = sourcecode.c.c; path = safeint.c; sourceTree = "<group>"; };
		029140031C4BC634001A5096 /* safeint.h */ = {isa = PBXFileReference; fileEncoding = 4; lastKnownFileType = sourcecode.c.h; path = safeint.h; sourceTree = "<group>"; };
/* End PBXFileReference section */

/* Begin PBXFrameworksBuildPhase section */
		02913F821C3673E4001A5096 /* Frameworks */ = {
			isa = PBXFrameworksBuildPhase;
			buildActionMask = 2147483647;
			files = (
			);
			runOnlyForDeploymentPostprocessing = 0;
		};
		02913FA71C3A73BD001A5096 /* Frameworks */ = {
			isa = PBXFrameworksBuildPhase;
			buildActionMask = 2147483647;
			files = (
			);
			runOnlyForDeploymentPostprocessing = 0;
		};
		02913FB91C3A7ECC001A5096 /* Frameworks */ = {
			isa = PBXFrameworksBuildPhase;
			buildActionMask = 2147483647;
			files = (
			);
			runOnlyForDeploymentPostprocessing = 0;
		};
		02913FCE1C3B29F2001A5096 /* Frameworks */ = {
			isa = PBXFrameworksBuildPhase;
			buildActionMask = 2147483647;
			files = (
			);
			runOnlyForDeploymentPostprocessing = 0;
		};
		02913FE21C3BC31E001A5096 /* Frameworks */ = {
			isa = PBXFrameworksBuildPhase;
			buildActionMask = 2147483647;
			files = (
			);
			runOnlyForDeploymentPostprocessing = 0;
		};
		02913FF41C4B9971001A5096 /* Frameworks */ = {
			isa = PBXFrameworksBuildPhase;
			buildActionMask = 2147483647;
			files = (
			);
			runOnlyForDeploymentPostprocessing = 0;
		};
/* End PBXFrameworksBuildPhase section */

/* Begin PBXGroup section */
		02913F7C1C3673E4001A5096 = {
			isa = PBXGroup;
			children = (
				02913F8F1C37C964001A5096 /* Library */,
				02913F871C3673E4001A5096 /* Challenges */,
				02913FD51C3B2C67001A5096 /* Data */,
				02913F861C3673E4001A5096 /* Products */,
			);
			sourceTree = "<group>";
		};
		02913F861C3673E4001A5096 /* Products */ = {
			isa = PBXGroup;
			children = (
				02913F851C3673E4001A5096 /* s1c1-hex-to-base64 */,
				02913FAB1C3A73BD001A5096 /* s1c2-xor-fixed */,
				02913FBD1C3A7ECC001A5096 /* s1c3-xor-cipher */,
				02913FD21C3B29F2001A5096 /* s1c4-xor-cipher-detect */,
				02913FE81C3BC31E001A5096 /* s1c5-xor-repeat */,
				02913FFA1C4B9971001A5096 /* s1c6-xor-repeat-break */,
			);
			name = Products;
			sourceTree = "<group>";
		};
		02913F871C3673E4001A5096 /* Challenges */ = {
			isa = PBXGroup;
			children = (
				02913F881C3673E4001A5096 /* s1c1-hex-to-base64.c */,
				02913FAC1C3A747A001A5096 /* s1c2-xor-fixed.c */,
				02913FBE1C3A7F21001A5096 /* s1c3-xor-cipher.c */,
				02913FD31C3B2BAB001A5096 /* s1c4-xor-cipher-detect.c */,
				02913FE91C3BC34E001A5096 /* s1c5-xor-repeat.c */,
				02913FFB1C4BA1CD001A5096 /* s1c6-xor-repeat-break.c */,
			);
			path = Challenges;
			sourceTree = "<group>";
		};
		02913F8F1C37C964001A5096 /* Library */ = {
			isa = PBXGroup;
			children = (
				02913F9C1C37CEAD001A5096 /* base64.c */,
				02913F9D1C37CEAD001A5096 /* base64.h */,
				02913FAE1C3A7769001A5096 /* bit_ops.c */,
				02913FAF1C3A7769001A5096 /* bit_ops.h */,
				02913F931C37CA9C001A5096 /* bytearray.c */,
				02913F941C37CA9C001A5096 /* bytearray.h */,
				02913F901C37C9C7001A5096 /* calc.c */,
				02913F911C37C9C7001A5096 /* calc.h */,
				02913F961C37CC10001A5096 /* char.c */,
				02913F971C37CC10001A5096 /* char.h */,
				02913F991C37CD83001A5096 /* hex.c */,
				02913F9A1C37CD83001A5096 /* hex.h */,
				029140021C4BC634001A5096 /* safeint.c */,
				029140031C4BC634001A5096 /* safeint.h */,
				02913FC01C3A885D001A5096 /* score.c */,
				02913FC11C3A885D001A5096 /* score.h */,
			);
			name = Library;
			sourceTree = "<group>";
		};
		02913FD51C3B2C67001A5096 /* Data */ = {
			isa = PBXGroup;
			children = (
				02913FFE1C4BA8E3001A5096 /* 6.txt */,
				02913FD61C3B2C67001A5096 /* 4.txt */,
			);
			path = Data;
			sourceTree = "<group>";
		};
/* End PBXGroup section */

/* Begin PBXNativeTarget section */
		02913F841C3673E4001A5096 /* s1c1-hex-to-base64 */ = {
			isa = PBXNativeTarget;
			buildConfigurationList = 02913F8C1C3673E4001A5096 /* Build configuration list for PBXNativeTarget "s1c1-hex-to-base64" */;
			buildPhases = (
				02913F811C3673E4001A5096 /* Sources */,
				02913F821C3673E4001A5096 /* Frameworks */,
			);
			buildRules = (
			);
			dependencies = (
			);
			name = "s1c1-hex-to-base64";
			productName = MatasanoCrypto;
			productReference = 02913F851C3673E4001A5096 /* s1c1-hex-to-base64 */;
			productType = "com.apple.product-type.tool";
		};
		02913F9F1C3A73BD001A5096 /* s1c2-xor-fixed */ = {
			isa = PBXNativeTarget;
			buildConfigurationList = 02913FA81C3A73BD001A5096 /* Build configuration list for PBXNativeTarget "s1c2-xor-fixed" */;
			buildPhases = (
				02913FA01C3A73BD001A5096 /* Sources */,
				02913FA71C3A73BD001A5096 /* Frameworks */,
			);
			buildRules = (
			);
			dependencies = (
			);
			name = "s1c2-xor-fixed";
			productName = MatasanoCrypto;
			productReference = 02913FAB1C3A73BD001A5096 /* s1c2-xor-fixed */;
			productType = "com.apple.product-type.tool";
		};
		02913FB11C3A7ECC001A5096 /* s1c3-xor-cipher */ = {
			isa = PBXNativeTarget;
			buildConfigurationList = 02913FBA1C3A7ECC001A5096 /* Build configuration list for PBXNativeTarget "s1c3-xor-cipher" */;
			buildPhases = (
				02913FB21C3A7ECC001A5096 /* Sources */,
				02913FB91C3A7ECC001A5096 /* Frameworks */,
			);
			buildRules = (
			);
			dependencies = (
			);
			name = "s1c3-xor-cipher";
			productName = MatasanoCrypto;
			productReference = 02913FBD1C3A7ECC001A5096 /* s1c3-xor-cipher */;
			productType = "com.apple.product-type.tool";
		};
		02913FC51C3B29F2001A5096 /* s1c4-xor-cipher-detect */ = {
			isa = PBXNativeTarget;
			buildConfigurationList = 02913FCF1C3B29F2001A5096 /* Build configuration list for PBXNativeTarget "s1c4-xor-cipher-detect" */;
			buildPhases = (
				02913FC61C3B29F2001A5096 /* Sources */,
				02913FCE1C3B29F2001A5096 /* Frameworks */,
				02913FD71C3B799C001A5096 /* CopyFiles */,
			);
			buildRules = (
			);
			dependencies = (
			);
			name = "s1c4-xor-cipher-detect";
			productName = MatasanoCrypto;
			productReference = 02913FD21C3B29F2001A5096 /* s1c4-xor-cipher-detect */;
			productType = "com.apple.product-type.tool";
		};
		02913FD91C3BC31E001A5096 /* s1c5-xor-repeat */ = {
			isa = PBXNativeTarget;
			buildConfigurationList = 02913FE51C3BC31E001A5096 /* Build configuration list for PBXNativeTarget "s1c5-xor-repeat" */;
			buildPhases = (
				02913FDA1C3BC31E001A5096 /* Sources */,
				02913FE21C3BC31E001A5096 /* Frameworks */,
			);
			buildRules = (
			);
			dependencies = (
			);
			name = "s1c5-xor-repeat";
			productName = MatasanoCrypto;
			productReference = 02913FE81C3BC31E001A5096 /* s1c5-xor-repeat */;
			productType = "com.apple.product-type.tool";
		};
		02913FEB1C4B9971001A5096 /* s1c6-xor-repeat-break */ = {
			isa = PBXNativeTarget;
			buildConfigurationList = 02913FF71C4B9971001A5096 /* Build configuration list for PBXNativeTarget "s1c6-xor-repeat-break" */;
			buildPhases = (
				02913FEC1C4B9971001A5096 /* Sources */,
				02913FF41C4B9971001A5096 /* Frameworks */,
				02913FF51C4B9971001A5096 /* CopyFiles */,
			);
			buildRules = (
			);
			dependencies = (
			);
			name = "s1c6-xor-repeat-break";
			productName = MatasanoCrypto;
			productReference = 02913FFA1C4B9971001A5096 /* s1c6-xor-repeat-break */;
			productType = "com.apple.product-type.tool";
		};
/* End PBXNativeTarget section */

/* Begin PBXProject section */
		02913F7D1C3673E4001A5096 /* Project object */ = {
			isa = PBXProject;
			attributes = {
				LastUpgradeCheck = 0720;
				ORGANIZATIONNAME = teor;
				TargetAttributes = {
					02913F841C3673E4001A5096 = {
						CreatedOnToolsVersion = 7.2;
					};
				};
			};
			buildConfigurationList = 02913F801C3673E4001A5096 /* Build configuration list for PBXProject "MatasanoCrypto" */;
			compatibilityVersion = "Xcode 3.2";
			developmentRegion = English;
			hasScannedForEncodings = 0;
			knownRegions = (
				en,
			);
			mainGroup = 02913F7C1C3673E4001A5096;
			productRefGroup = 02913F861C3673E4001A5096 /* Products */;
			projectDirPath = "";
			projectRoot = "";
			targets = (
				02913F841C3673E4001A5096 /* s1c1-hex-to-base64 */,
				02913F9F1C3A73BD001A5096 /* s1c2-xor-fixed */,
				02913FB11C3A7ECC001A5096 /* s1c3-xor-cipher */,
				02913FC51C3B29F2001A5096 /* s1c4-xor-cipher-detect */,
				02913FD91C3BC31E001A5096 /* s1c5-xor-repeat */,
				02913FEB1C4B9971001A5096 /* s1c6-xor-repeat-break */,
			);
		};
/* End PBXProject section */

/* Begin PBXSourcesBuildPhase section */
		02913F811C3673E4001A5096 /* Sources */ = {
			isa = PBXSourcesBuildPhase;
			buildActionMask = 2147483647;
			files = (
				02913FC41C3A8DC4001A5096 /* score.c in Sources */,
				02913F891C3673E4001A5096 /* s1c1-hex-to-base64.c in Sources */,
				02913F981C37CC10001A5096 /* char.c in Sources */,
				02913F921C37C9C7001A5096 /* calc.c in Sources */,
				02913F951C37CA9C001A5096 /* bytearray.c in Sources */,
				02913F9E1C37CEAD001A5096 /* base64.c in Sources */,
				02913F9B1C37CD83001A5096 /* hex.c in Sources */,
			);
			runOnlyForDeploymentPostprocessing = 0;
		};
		02913FA01C3A73BD001A5096 /* Sources */ = {
			isa = PBXSourcesBuildPhase;
			buildActionMask = 2147483647;
			files = (
				02913FC31C3A8DC3001A5096 /* score.c in Sources */,
				02913FA21C3A73BD001A5096 /* char.c in Sources */,
				02913FA31C3A73BD001A5096 /* calc.c in Sources */,
				02913FB01C3A7769001A5096 /* bit_ops.c in Sources */,
				02913FAD1C3A747A001A5096 /* s1c2-xor-fixed.c in Sources */,
				02913FA41C3A73BD001A5096 /* bytearray.c in Sources */,
				02913FA61C3A73BD001A5096 /* hex.c in Sources */,
			);
			runOnlyForDeploymentPostprocessing = 0;
		};
		02913FB21C3A7ECC001A5096 /* Sources */ = {
			isa = PBXSourcesBuildPhase;
			buildActionMask = 2147483647;
			files = (
				02913FC21C3A885D001A5096 /* score.c in Sources */,
				02913FB31C3A7ECC001A5096 /* char.c in Sources */,
				02913FB41C3A7ECC001A5096 /* calc.c in Sources */,
				02913FBF1C3A7F21001A5096 /* s1c3-xor-cipher.c in Sources */,
				02913FB51C3A7ECC001A5096 /* bit_ops.c in Sources */,
				02913FB71C3A7ECC001A5096 /* bytearray.c in Sources */,
				02913FB81C3A7ECC001A5096 /* hex.c in Sources */,
			);
			runOnlyForDeploymentPostprocessing = 0;
		};
		02913FC61C3B29F2001A5096 /* Sources */ = {
			isa = PBXSourcesBuildPhase;
			buildActionMask = 2147483647;
			files = (
				02913FC71C3B29F2001A5096 /* score.c in Sources */,
				02913FD41C3B2BAB001A5096 /* s1c4-xor-cipher-detect.c in Sources */,
				02913FC81C3B29F2001A5096 /* char.c in Sources */,
				02913FC91C3B29F2001A5096 /* calc.c in Sources */,
				02913FCB1C3B29F2001A5096 /* bit_ops.c in Sources */,
				02913FCC1C3B29F2001A5096 /* bytearray.c in Sources */,
				02913FCD1C3B29F2001A5096 /* hex.c in Sources */,
			);
			runOnlyForDeploymentPostprocessing = 0;
		};
		02913FDA1C3BC31E001A5096 /* Sources */ = {
			isa = PBXSourcesBuildPhase;
			buildActionMask = 2147483647;
			files = (
				02913FDB1C3BC31E001A5096 /* score.c in Sources */,
				02913FDD1C3BC31E001A5096 /* char.c in Sources */,
				02913FFD1C4BA1D3001A5096 /* s1c5-xor-repeat.c in Sources */,
				02913FDE1C3BC31E001A5096 /* calc.c in Sources */,
				02913FDF1C3BC31E001A5096 /* bit_ops.c in Sources */,
				02913FE01C3BC31E001A5096 /* bytearray.c in Sources */,
				02913FE11C3BC31E001A5096 /* hex.c in Sources */,
			);
			runOnlyForDeploymentPostprocessing = 0;
		};
		02913FEC1C4B9971001A5096 /* Sources */ = {
			isa = PBXSourcesBuildPhase;
			buildActionMask = 2147483647;
			files = (
				02913FED1C4B9971001A5096 /* score.c in Sources */,
				02913FEF1C4B9971001A5096 /* char.c in Sources */,
				029140001C4BAE63001A5096 /* base64.c in Sources */,
				029140011C4BAE73001A5096 /* hex.c in Sources */,
				02913FFC1C4BA1CD001A5096 /* s1c6-xor-repeat-break.c in Sources */,
				02913FF01C4B9971001A5096 /* calc.c in Sources */,
				02913FF11C4B9971001A5096 /* bit_ops.c in Sources */,
				02913FF21C4B9971001A5096 /* bytearray.c in Sources */,
				029140041C4BC634001A5096 /* safeint.c in Sources */,
			);
			runOnlyForDeploymentPostprocessing = 0;
		};
/* End PBXSourcesBuildPhase section */

/* Begin XCBuildConfiguration section */
		02913F8A1C3673E4001A5096 /* Debug */ = {
			isa = XCBuildConfiguration;
			buildSettings = {
				ALWAYS_SEARCH_USER_PATHS = NO;
				ARCHS = "$(ARCHS_STANDARD_32_64_BIT)";
				CLANG_ANALYZER_SECURITY_FLOATLOOPCOUNTER = YES;
				CLANG_ANALYZER_SECURITY_INSECUREAPI_RAND = YES;
				CLANG_ANALYZER_SECURITY_INSECUREAPI_STRCPY = YES;
				CLANG_CXX_LANGUAGE_STANDARD = "gnu++0x";
				CLANG_CXX_LIBRARY = "libc++";
				CLANG_ENABLE_MODULES = YES;
				CLANG_ENABLE_OBJC_ARC = YES;
				CLANG_STATIC_ANALYZER_MODE = deep;
				CLANG_WARN_ASSIGN_ENUM = YES;
				CLANG_WARN_BOOL_CONVERSION = YES;
				CLANG_WARN_CONSTANT_CONVERSION = YES;
				CLANG_WARN_CXX0X_EXTENSIONS = YES;
				CLANG_WARN_DIRECT_OBJC_ISA_USAGE = YES_ERROR;
				CLANG_WARN_EMPTY_BODY = YES;
				CLANG_WARN_ENUM_CONVERSION = YES;
				CLANG_WARN_IMPLICIT_SIGN_CONVERSION = YES;
				CLANG_WARN_INT_CONVERSION = YES;
				CLANG_WARN_NULLABLE_TO_NONNULL_CONVERSION = YES;
				CLANG_WARN_OBJC_ROOT_CLASS = YES_ERROR;
				CLANG_WARN_SUSPICIOUS_IMPLICIT_CONVERSION = YES;
				CLANG_WARN_UNREACHABLE_CODE = YES;
				CLANG_WARN__DUPLICATE_METHOD_MATCH = YES;
				CLANG_WARN__EXIT_TIME_DESTRUCTORS = YES;
				CODE_SIGN_IDENTITY = "";
				COPY_PHASE_STRIP = NO;
				DEBUG_INFORMATION_FORMAT = dwarf;
				ENABLE_NS_ASSERTIONS = YES;
				ENABLE_STRICT_OBJC_MSGSEND = YES;
				ENABLE_TESTABILITY = NO;
				GCC_C_LANGUAGE_STANDARD = gnu11;
				GCC_DYNAMIC_NO_PIC = NO;
				GCC_ENABLE_PASCAL_STRINGS = NO;
				GCC_INCREASE_PRECOMPILED_HEADER_SHARING = YES;
				GCC_NO_COMMON_BLOCKS = YES;
				GCC_OPTIMIZATION_LEVEL = 0;
				GCC_PREPROCESSOR_DEFINITIONS = (
					"DEBUG=1",
					"$(inherited)",
				);
				GCC_TREAT_WARNINGS_AS_ERRORS = YES;
				GCC_WARN_64_TO_32_BIT_CONVERSION = YES;
				GCC_WARN_ABOUT_MISSING_FIELD_INITIALIZERS = YES;
				GCC_WARN_ABOUT_MISSING_NEWLINE = YES;
				GCC_WARN_ABOUT_MISSING_PROTOTYPES = YES;
				GCC_WARN_ABOUT_RETURN_TYPE = YES;
				GCC_WARN_FOUR_CHARACTER_CONSTANTS = YES;
				GCC_WARN_HIDDEN_VIRTUAL_FUNCTIONS = YES;
				GCC_WARN_INITIALIZER_NOT_FULLY_BRACKETED = YES;
				GCC_WARN_NON_VIRTUAL_DESTRUCTOR = YES;
				GCC_WARN_PEDANTIC = YES;
				GCC_WARN_SHADOW = YES;
				GCC_WARN_SIGN_COMPARE = YES;
				GCC_WARN_UNDECLARED_SELECTOR = YES;
				GCC_WARN_UNINITIALIZED_AUTOS = YES_AGGRESSIVE;
				GCC_WARN_UNKNOWN_PRAGMAS = YES;
				GCC_WARN_UNUSED_FUNCTION = YES;
				GCC_WARN_UNUSED_LABEL = YES;
				GCC_WARN_UNUSED_PARAMETER = YES;
				GCC_WARN_UNUSED_VARIABLE = YES;
				MACOSX_DEPLOYMENT_TARGET = 10.11;
				MTL_ENABLE_DEBUG_INFO = YES;
				ONLY_ACTIVE_ARCH = NO;
				RUN_CLANG_STATIC_ANALYZER = YES;
				SDKROOT = macosx;
				WARNING_CFLAGS = "-Wno-gnu-folding-constant";
			};
			name = Debug;
		};
		02913F8B1C3673E4001A5096 /* Release */ = {
			isa = XCBuildConfiguration;
			buildSettings = {
				ALWAYS_SEARCH_USER_PATHS = NO;
				ARCHS = "$(ARCHS_STANDARD_32_64_BIT)";
				CLANG_ANALYZER_SECURITY_FLOATLOOPCOUNTER = YES;
				CLANG_ANALYZER_SECURITY_INSECUREAPI_RAND = YES;
				CLANG_ANALYZER_SECURITY_INSECUREAPI_STRCPY = YES;
				CLANG_CXX_LANGUAGE_STANDARD = "gnu++0x";
				CLANG_CXX_LIBRARY = "libc++";
				CLANG_ENABLE_MODULES = YES;
				CLANG_ENABLE_OBJC_ARC = YES;
				CLANG_STATIC_ANALYZER_MODE = deep;
				CLANG_WARN_ASSIGN_ENUM = YES;
				CLANG_WARN_BOOL_CONVERSION = YES;
				CLANG_WARN_CONSTANT_CONVERSION = YES;
				CLANG_WARN_CXX0X_EXTENSIONS = YES;
				CLANG_WARN_DIRECT_OBJC_ISA_USAGE = YES_ERROR;
				CLANG_WARN_EMPTY_BODY = YES;
				CLANG_WARN_ENUM_CONVERSION = YES;
				CLANG_WARN_IMPLICIT_SIGN_CONVERSION = YES;
				CLANG_WARN_INT_CONVERSION = YES;
				CLANG_WARN_NULLABLE_TO_NONNULL_CONVERSION = YES;
				CLANG_WARN_OBJC_ROOT_CLASS = YES_ERROR;
				CLANG_WARN_SUSPICIOUS_IMPLICIT_CONVERSION = YES;
				CLANG_WARN_UNREACHABLE_CODE = YES;
				CLANG_WARN__DUPLICATE_METHOD_MATCH = YES;
				CLANG_WARN__EXIT_TIME_DESTRUCTORS = YES;
				CODE_SIGN_IDENTITY = "";
				COPY_PHASE_STRIP = NO;
				DEBUG_INFORMATION_FORMAT = "dwarf-with-dsym";
				ENABLE_NS_ASSERTIONS = YES;
				ENABLE_STRICT_OBJC_MSGSEND = YES;
				ENABLE_TESTABILITY = NO;
				GCC_C_LANGUAGE_STANDARD = gnu11;
				GCC_ENABLE_PASCAL_STRINGS = NO;
				GCC_INCREASE_PRECOMPILED_HEADER_SHARING = YES;
				GCC_NO_COMMON_BLOCKS = YES;
				GCC_TREAT_WARNINGS_AS_ERRORS = YES;
				GCC_WARN_64_TO_32_BIT_CONVERSION = YES;
				GCC_WARN_ABOUT_MISSING_FIELD_INITIALIZERS = YES;
				GCC_WARN_ABOUT_MISSING_NEWLINE = YES;
				GCC_WARN_ABOUT_MISSING_PROTOTYPES = YES;
				GCC_WARN_ABOUT_RETURN_TYPE = YES;
				GCC_WARN_FOUR_CHARACTER_CONSTANTS = YES;
				GCC_WARN_HIDDEN_VIRTUAL_FUNCTIONS = YES;
				GCC_WARN_INITIALIZER_NOT_FULLY_BRACKETED = YES;
				GCC_WARN_NON_VIRTUAL_DESTRUCTOR = YES;
				GCC_WARN_PEDANTIC = YES;
				GCC_WARN_SHADOW = YES;
				GCC_WARN_SIGN_COMPARE = YES;
				GCC_WARN_UNDECLARED_SELECTOR = YES;
				GCC_WARN_UNINITIALIZED_AUTOS = YES_AGGRESSIVE;
				GCC_WARN_UNKNOWN_PRAGMAS = YES;
				GCC_WARN_UNUSED_FUNCTION = YES;
				GCC_WARN_UNUSED_LABEL = YES;
				GCC_WARN_UNUSED_PARAMETER = YES;
				GCC_WARN_UNUSED_VARIABLE = YES;
				MACOSX_DEPLOYMENT_TARGET = 10.11;
				MTL_ENABLE_DEBUG_INFO = NO;
				RUN_CLANG_STATIC_ANALYZER = YES;
				SDKROOT = macosx;
				WARNING_CFLAGS = "-Wno-gnu-folding-constant";
			};
			name = Release;
		};
		02913F8D1C3673E4001A5096 /* Debug */ = {
			isa = XCBuildConfiguration;
			buildSettings = {
				PRODUCT_NAME = "$(TARGET_NAME)";
			};
			name = Debug;
		};
		02913F8E1C3673E4001A5096 /* Release */ = {
			isa = XCBuildConfiguration;
			buildSettings = {
				PRODUCT_NAME = "$(TARGET_NAME)";
			};
			name = Release;
		};
		02913FA91C3A73BD001A5096 /* Debug */ = {
			isa = XCBuildConfiguration;
			buildSettings = {
				PRODUCT_NAME = "$(TARGET_NAME)";
			};
			name = Debug;
		};
		02913FAA1C3A73BD001A5096 /* Release */ = {
			isa = XCBuildConfiguration;
			buildSettings = {
				PRODUCT_NAME = "$(TARGET_NAME)";
			};
			name = Release;
		};
		02913FBB1C3A7ECC001A5096 /* Debug */ = {
			isa = XCBuildConfiguration;
			buildSettings = {
				PRODUCT_NAME = "$(TARGET_NAME)";
			};
			name = Debug;
		};
		02913FBC1C3A7ECC001A5096 /* Release */ = {
			isa = XCBuildConfiguration;
			buildSettings = {
				PRODUCT_NAME = "$(TARGET_NAME)";
			};
			name = Release;
		};
		02913FD01C3B29F2001A5096 /* Debug */ = {
			isa = XCBuildConfiguration;
			buildSettings = {
				PRODUCT_NAME = "$(TARGET_NAME)";
			};
			name = Debug;
		};
		02913FD11C3B29F2001A5096 /* Release */ = {
			isa = XCBuildConfiguration;
			buildSettings = {
				PRODUCT_NAME = "$(TARGET_NAME)";
			};
			name = Release;
		};
		02913FE61C3BC31E001A5096 /* Debug */ = {
			isa = XCBuildConfiguration;
			buildSettings = {
				PRODUCT_NAME = "$(TARGET_NAME)";
			};
			name = Debug;
		};
		02913FE71C3BC31E001A5096 /* Release */ = {
			isa = XCBuildConfiguration;
			buildSettings = {
				PRODUCT_NAME = "$(TARGET_NAME)";
			};
			name = Release;
		};
		02913FF81C4B9971001A5096 /* Debug */ = {
			isa = XCBuildConfiguration;
			buildSettings = {
				PRODUCT_NAME = "$(TARGET_NAME)";
			};
			name = Debug;
		};
		02913FF91C4B9971001A5096 /* Release */ = {
			isa = XCBuildConfiguration;
			buildSettings = {
				PRODUCT_NAME = "$(TARGET_NAME)";
			};
			name = Release;
		};
/* End XCBuildConfiguration section */

/* Begin XCConfigurationList section */
		02913F801C3673E4001A5096 /* Build configuration list for PBXProject "MatasanoCrypto" */ = {
			isa = XCConfigurationList;
			buildConfigurations = (
				02913F8A1C3673E4001A5096 /* Debug */,
				02913F8B1C3673E4001A5096 /* Release */,
			);
			defaultConfigurationIsVisible = 0;
			defaultConfigurationName = Release;
		};
		02913F8C1C3673E4001A5096 /* Build configuration list for PBXNativeTarget "s1c1-hex-to-base64" */ = {
			isa = XCConfigurationList;
			buildConfigurations = (
				02913F8D1C3673E4001A5096 /* Debug */,
				02913F8E1C3673E4001A5096 /* Release */,
			);
			defaultConfigurationIsVisible = 0;
			defaultConfigurationName = Release;
		};
		02913FA81C3A73BD001A5096 /* Build configuration list for PBXNativeTarget "s1c2-xor-fixed" */ = {
			isa = XCConfigurationList;
			buildConfigurations = (
				02913FA91C3A73BD001A5096 /* Debug */,
				02913FAA1C3A73BD001A5096 /* Release */,
			);
			defaultConfigurationIsVisible = 0;
			defaultConfigurationName = Release;
		};
		02913FBA1C3A7ECC001A5096 /* Build configuration list for PBXNativeTarget "s1c3-xor-cipher" */ = {
			isa = XCConfigurationList;
			buildConfigurations = (
				02913FBB1C3A7ECC001A5096 /* Debug */,
				02913FBC1C3A7ECC001A5096 /* Release */,
			);
			defaultConfigurationIsVisible = 0;
			defaultConfigurationName = Release;
		};
		02913FCF1C3B29F2001A5096 /* Build configuration list for PBXNativeTarget "s1c4-xor-cipher-detect" */ = {
			isa = XCConfigurationList;
			buildConfigurations = (
				02913FD01C3B29F2001A5096 /* Debug */,
				02913FD11C3B29F2001A5096 /* Release */,
			);
			defaultConfigurationIsVisible = 0;
			defaultConfigurationName = Release;
		};
		02913FE51C3BC31E001A5096 /* Build configuration list for PBXNativeTarget "s1c5-xor-repeat" */ = {
			isa = XCConfigurationList;
			buildConfigurations = (
				02913FE61C3BC31E001A5096 /* Debug */,
				02913FE71C3BC31E001A5096 /* Release */,
			);
			defaultConfigurationIsVisible = 0;
			defaultConfigurationName = Release;
		};
		02913FF71C4B9971001A5096 /* Build configuration list for PBXNativeTarget "s1c6-xor-repeat-break" */ = {
			isa = XCConfigurationList;
			buildConfigurations = (
				02913FF81C4B9971001A5096 /* Debug */,
				02913FF91C4B9971001A5096 /* Release */,
			);
			defaultConfigurationIsVisible = 0;
			defaultConfigurationName = Release;
		};
/* End XCConfigurationList section */
	};
	rootObject = 02913F7D1C3673E4001A5096 /* Project object */;
}
